
Microsoft Visual Studio Solution File, Format Version 12.00
# Visual Studio Version 16
VisualStudioVersion = 16.0.34601.136
MinimumVisualStudioVersion = 10.0.40219.1
Project("{FAE04EC0-301F-11D3-BF4B-00C04F79EFBC}") = "CustomTextBox", "CustomTextBox.csproj", "{6122044E-847F-41A3-B490-AE5C5F645A04}"
EndProject
Global
	GlobalSection(SolutionConfigurationPlatforms) = preSolution
		Debug|Any CPU = Debug|Any CPU
		Release|Any CPU = Release|Any CPU
	EndGlobalSection
	GlobalSection(ProjectConfigurationPlatforms) = postSolution
		{6122044E-847F-41A3-B490-AE5C5F645A04}.Debug|Any CPU.ActiveCfg = Debug|Any CPU
		{6122044E-847F-41A3-B490-AE5C5F645A04}.Debug|Any CPU.Build.0 = Debug|Any CPU
		{6122044E-847F-41A3-B490-AE5C5F645A04}.Release|Any CPU.ActiveCfg = Release|Any CPU
		{6122044E-847F-41A3-B490-AE5C5F645A04}.Release|Any CPU.Build.0 = Release|Any CPU
	EndGlobalSection
	GlobalSection(SolutionProperties) = preSolution
		HideSolutionNode = FALSE
	EndGlobalSection
	GlobalSection(ExtensibilityGlobals) = postSolution
		SolutionGuid = {91C3569A-E44F-4273-B589-006460768FB5}
	EndGlobalSection
EndGlobal
